
Microsoft Visual Studio Solution File, Format Version 12.00
# Visual Studio Version 16
VisualStudioVersion = 16.0.29519.181
MinimumVisualStudioVersion = 10.0.40219.1
Project("{2150E333-8FDC-42A3-9474-1A3956D46DE8}") = "1-Framework", "1-Framework", "{C7505316-8152-4BF8-B3D9-3ABDDA58A458}"
EndProject
Project("{2150E333-8FDC-42A3-9474-1A3956D46DE8}") = "2-Project", "2-Project", "{2CF8D0E7-D137-40A0-89DB-831AA71527D5}"
EndProject
Project("{9A19103F-16F7-4668-BE54-9A1E7A4F7556}") = "Framework.Application", "1-Framework\Framework.Application\Framework.Application.csproj", "{2A1B7BC6-2BEE-4746-9104-D67BD238B74D}"
EndProject
Project("{9A19103F-16F7-4668-BE54-9A1E7A4F7556}") = "Framework.Application.Config", "1-Framework\Framework.Application.Config\Framework.Application.Config.csproj", "{795985A7-5A83-4326-8C3B-CA2AD8C23094}"
EndProject
Project("{9A19103F-16F7-4668-BE54-9A1E7A4F7556}") = "Framework.Common", "1-Framework\Framework.Common\Framework.Common.csproj", "{404F2C31-5D40-4651-860D-5EFC3E5E7DB0}"
EndProject
Project("{9A19103F-16F7-4668-BE54-9A1E7A4F7556}") = "Framework.Data", "1-Framework\Framework.Data\Framework.Data.csproj", "{4689CB45-28D5-4267-838C-C80245A03B87}"
EndProject
Project("{9A19103F-16F7-4668-BE54-9A1E7A4F7556}") = "Framework.Data.EF", "1-Framework\Framework.Data.EF\Framework.Data.EF.csproj", "{312A3E31-1F00-41F6-A317-CC11B36B32C2}"
EndProject
Project("{9A19103F-16F7-4668-BE54-9A1E7A4F7556}") = "Framework.Domain", "1-Framework\Framework.Domain\Framework.Domain.csproj", "{6F9F63CA-7BDB-45F2-86AB-FB875544AE0A}"
EndProject
Project("{9A19103F-16F7-4668-BE54-9A1E7A4F7556}") = "Framework.Messaging.NSB", "1-Framework\Framework.Messaging.NSB\Framework.Messaging.NSB.csproj", "{9EFDF47F-06C5-4203-A4C2-F770980AD6D9}"
EndProject
Project("{9A19103F-16F7-4668-BE54-9A1E7A4F7556}") = "Framework.Validation", "1-Framework\Framework.Validation\Framework.Validation.csproj", "{3F9CD9BD-DB9F-4CAF-9F27-96669526D657}"
EndProject
Project("{2150E333-8FDC-42A3-9474-1A3956D46DE8}") = "1-App", "1-App", "{696F97FA-82E1-48A0-BD2F-10B8B61E56FF}"
EndProject
Project("{2150E333-8FDC-42A3-9474-1A3956D46DE8}") = "2-Domain", "2-Domain", "{5126D907-3306-435F-9913-D782D8A3FFC8}"
EndProject
Project("{2150E333-8FDC-42A3-9474-1A3956D46DE8}") = "3-Infra", "3-Infra", "{7C8C135D-5737-48F2-83B3-6874C2DEC3C8}"
EndProject
Project("{9A19103F-16F7-4668-BE54-9A1E7A4F7556}") = "App.Service.AspDotNetDistributor", "2-Project\1-App\App.Service.AspDotNetDistributor\App.Service.AspDotNetDistributor.csproj", "{B2995BF9-6547-4647-8B0D-79886F960623}"
EndProject
Project("{9A19103F-16F7-4668-BE54-9A1E7A4F7556}") = "AppService", "2-Project\1-App\AppService\AppService.csproj", "{D2309FB7-5BFD-461B-A73B-6488ACDEEEA6}"
EndProject
Project("{9A19103F-16F7-4668-BE54-9A1E7A4F7556}") = "AppService.Config", "2-Project\1-App\AppService.Config\AppService.Config.csproj", "{C13BC4A1-67DC-47F3-9FA6-D715FB8CA0B4}"
EndProject
Project("{9A19103F-16F7-4668-BE54-9A1E7A4F7556}") = "AppService.Contracts", "2-Project\1-App\AppService.Contracts\AppService.Contracts.csproj", "{1340C00D-9707-4EBC-89F4-DCA3424E09CF}"
EndProject
Project("{9A19103F-16F7-4668-BE54-9A1E7A4F7556}") = "Domain", "2-Project\2-Domain\Domain\Domain.csproj", "{6F18B5AB-5F9B-46EC-AD53-0310D9033166}"
EndProject
Project("{9A19103F-16F7-4668-BE54-9A1E7A4F7556}") = "Domain.Contracts", "2-Project\2-Domain\Domain.Contracts\Domain.Contracts.csproj", "{6186E9D4-646A-49D4-BAF7-5A834769B351}"
EndProject
Project("{9A19103F-16F7-4668-BE54-9A1E7A4F7556}") = "Domain.Query", "2-Project\2-Domain\Domain.Query\Domain.Query.csproj", "{23CA781F-D9E8-415D-8D62-1E70D683D24B}"
EndProject
Project("{9A19103F-16F7-4668-BE54-9A1E7A4F7556}") = "Infra.Persistance.EF", "2-Project\3-Infra\Infra.Persistance.EF\Infra.Persistance.EF.csproj", "{84DF99C9-068D-4683-83AA-DB51E5DC6262}"
EndProject
Project("{9A19103F-16F7-4668-BE54-9A1E7A4F7556}") = "App.Common", "2-Project\1-App\App.Common\App.Common.csproj", "{EF8BCA55-6039-4413-805B-A8B49A6E3FD2}"
EndProject
Project("{2150E333-8FDC-42A3-9474-1A3956D46DE8}") = "3-Tests", "3-Tests", "{43269035-9224-43AC-BCD0-4399DA4CC66B}"
EndProject
Project("{9A19103F-16F7-4668-BE54-9A1E7A4F7556}") = "Application.UnitTests", "Application.UnitTests\Application.UnitTests.csproj", "{C396582A-B4F4-4C54-86EB-EEF6485533FA}"
EndProject
Project("{2150E333-8FDC-42A3-9474-1A3956D46DE8}") = "Backend", "Backend", "{57F498DD-6551-4995-9F79-9A977A4A2CF2}"
EndProject
Project("{2150E333-8FDC-42A3-9474-1A3956D46DE8}") = "Frontend", "Frontend", "{2D1012C2-EFD7-4E77-A7C4-DCB5356C59BC}"
EndProject
Global
	GlobalSection(SolutionConfigurationPlatforms) = preSolution
		Debug|Any CPU = Debug|Any CPU
		Release|Any CPU = Release|Any CPU
	EndGlobalSection
	GlobalSection(ProjectConfigurationPlatforms) = postSolution
		{2A1B7BC6-2BEE-4746-9104-D67BD238B74D}.Debug|Any CPU.ActiveCfg = Debug|Any CPU
		{2A1B7BC6-2BEE-4746-9104-D67BD238B74D}.Debug|Any CPU.Build.0 = Debug|Any CPU
		{2A1B7BC6-2BEE-4746-9104-D67BD238B74D}.Release|Any CPU.ActiveCfg = Release|Any CPU
		{2A1B7BC6-2BEE-4746-9104-D67BD238B74D}.Release|Any CPU.Build.0 = Release|Any CPU
		{795985A7-5A83-4326-8C3B-CA2AD8C23094}.Debug|Any CPU.ActiveCfg = Debug|Any CPU
		{795985A7-5A83-4326-8C3B-CA2AD8C23094}.Debug|Any CPU.Build.0 = Debug|Any CPU
		{795985A7-5A83-4326-8C3B-CA2AD8C23094}.Release|Any CPU.ActiveCfg = Release|Any CPU
		{795985A7-5A83-4326-8C3B-CA2AD8C23094}.Release|Any CPU.Build.0 = Release|Any CPU
		{404F2C31-5D40-4651-860D-5EFC3E5E7DB0}.Debug|Any CPU.ActiveCfg = Debug|Any CPU
		{404F2C31-5D40-4651-860D-5EFC3E5E7DB0}.Debug|Any CPU.Build.0 = Debug|Any CPU
		{404F2C31-5D40-4651-860D-5EFC3E5E7DB0}.Release|Any CPU.ActiveCfg = Release|Any CPU
		{404F2C31-5D40-4651-860D-5EFC3E5E7DB0}.Release|Any CPU.Build.0 = Release|Any CPU
		{4689CB45-28D5-4267-838C-C80245A03B87}.Debug|Any CPU.ActiveCfg = Debug|Any CPU
		{4689CB45-28D5-4267-838C-C80245A03B87}.Debug|Any CPU.Build.0 = Debug|Any CPU
		{4689CB45-28D5-4267-838C-C80245A03B87}.Release|Any CPU.ActiveCfg = Release|Any CPU
		{4689CB45-28D5-4267-838C-C80245A03B87}.Release|Any CPU.Build.0 = Release|Any CPU
		{312A3E31-1F00-41F6-A317-CC11B36B32C2}.Debug|Any CPU.ActiveCfg = Debug|Any CPU
		{312A3E31-1F00-41F6-A317-CC11B36B32C2}.Debug|Any CPU.Build.0 = Debug|Any CPU
		{312A3E31-1F00-41F6-A317-CC11B36B32C2}.Release|Any CPU.ActiveCfg = Release|Any CPU
		{312A3E31-1F00-41F6-A317-CC11B36B32C2}.Release|Any CPU.Build.0 = Release|Any CPU
		{6F9F63CA-7BDB-45F2-86AB-FB875544AE0A}.Debug|Any CPU.ActiveCfg = Debug|Any CPU
		{6F9F63CA-7BDB-45F2-86AB-FB875544AE0A}.Debug|Any CPU.Build.0 = Debug|Any CPU
		{6F9F63CA-7BDB-45F2-86AB-FB875544AE0A}.Release|Any CPU.ActiveCfg = Release|Any CPU
		{6F9F63CA-7BDB-45F2-86AB-FB875544AE0A}.Release|Any CPU.Build.0 = Release|Any CPU
		{9EFDF47F-06C5-4203-A4C2-F770980AD6D9}.Debug|Any CPU.ActiveCfg = Debug|Any CPU
		{9EFDF47F-06C5-4203-A4C2-F770980AD6D9}.Debug|Any CPU.Build.0 = Debug|Any CPU
		{9EFDF47F-06C5-4203-A4C2-F770980AD6D9}.Release|Any CPU.ActiveCfg = Release|Any CPU
		{9EFDF47F-06C5-4203-A4C2-F770980AD6D9}.Release|Any CPU.Build.0 = Release|Any CPU
		{3F9CD9BD-DB9F-4CAF-9F27-96669526D657}.Debug|Any CPU.ActiveCfg = Debug|Any CPU
		{3F9CD9BD-DB9F-4CAF-9F27-96669526D657}.Debug|Any CPU.Build.0 = Debug|Any CPU
		{3F9CD9BD-DB9F-4CAF-9F27-96669526D657}.Release|Any CPU.ActiveCfg = Release|Any CPU
		{3F9CD9BD-DB9F-4CAF-9F27-96669526D657}.Release|Any CPU.Build.0 = Release|Any CPU
		{B2995BF9-6547-4647-8B0D-79886F960623}.Debug|Any CPU.ActiveCfg = Debug|Any CPU
		{B2995BF9-6547-4647-8B0D-79886F960623}.Debug|Any CPU.Build.0 = Debug|Any CPU
		{B2995BF9-6547-4647-8B0D-79886F960623}.Release|Any CPU.ActiveCfg = Release|Any CPU
		{B2995BF9-6547-4647-8B0D-79886F960623}.Release|Any CPU.Build.0 = Release|Any CPU
		{D2309FB7-5BFD-461B-A73B-6488ACDEEEA6}.Debug|Any CPU.ActiveCfg = Debug|Any CPU
		{D2309FB7-5BFD-461B-A73B-6488ACDEEEA6}.Debug|Any CPU.Build.0 = Debug|Any CPU
		{D2309FB7-5BFD-461B-A73B-6488ACDEEEA6}.Release|Any CPU.ActiveCfg = Release|Any CPU
		{D2309FB7-5BFD-461B-A73B-6488ACDEEEA6}.Release|Any CPU.Build.0 = Release|Any CPU
		{C13BC4A1-67DC-47F3-9FA6-D715FB8CA0B4}.Debug|Any CPU.ActiveCfg = Debug|Any CPU
		{C13BC4A1-67DC-47F3-9FA6-D715FB8CA0B4}.Debug|Any CPU.Build.0 = Debug|Any CPU
		{C13BC4A1-67DC-47F3-9FA6-D715FB8CA0B4}.Release|Any CPU.ActiveCfg = Release|Any CPU
		{C13BC4A1-67DC-47F3-9FA6-D715FB8CA0B4}.Release|Any CPU.Build.0 = Release|Any CPU
		{1340C00D-9707-4EBC-89F4-DCA3424E09CF}.Debug|Any CPU.ActiveCfg = Debug|Any CPU
		{1340C00D-9707-4EBC-89F4-DCA3424E09CF}.Debug|Any CPU.Build.0 = Debug|Any CPU
		{1340C00D-9707-4EBC-89F4-DCA3424E09CF}.Release|Any CPU.ActiveCfg = Release|Any CPU
		{1340C00D-9707-4EBC-89F4-DCA3424E09CF}.Release|Any CPU.Build.0 = Release|Any CPU
		{6F18B5AB-5F9B-46EC-AD53-0310D9033166}.Debug|Any CPU.ActiveCfg = Debug|Any CPU
		{6F18B5AB-5F9B-46EC-AD53-0310D9033166}.Debug|Any CPU.Build.0 = Debug|Any CPU
		{6F18B5AB-5F9B-46EC-AD53-0310D9033166}.Release|Any CPU.ActiveCfg = Release|Any CPU
		{6F18B5AB-5F9B-46EC-AD53-0310D9033166}.Release|Any CPU.Build.0 = Release|Any CPU
		{6186E9D4-646A-49D4-BAF7-5A834769B351}.Debug|Any CPU.ActiveCfg = Debug|Any CPU
		{6186E9D4-646A-49D4-BAF7-5A834769B351}.Debug|Any CPU.Build.0 = Debug|Any CPU
		{6186E9D4-646A-49D4-BAF7-5A834769B351}.Release|Any CPU.ActiveCfg = Release|Any CPU
		{6186E9D4-646A-49D4-BAF7-5A834769B351}.Release|Any CPU.Build.0 = Release|Any CPU
		{23CA781F-D9E8-415D-8D62-1E70D683D24B}.Debug|Any CPU.ActiveCfg = Debug|Any CPU
		{23CA781F-D9E8-415D-8D62-1E70D683D24B}.Debug|Any CPU.Build.0 = Debug|Any CPU
		{23CA781F-D9E8-415D-8D62-1E70D683D24B}.Release|Any CPU.ActiveCfg = Release|Any CPU
		{23CA781F-D9E8-415D-8D62-1E70D683D24B}.Release|Any CPU.Build.0 = Release|Any CPU
		{84DF99C9-068D-4683-83AA-DB51E5DC6262}.Debug|Any CPU.ActiveCfg = Debug|Any CPU
		{84DF99C9-068D-4683-83AA-DB51E5DC6262}.Debug|Any CPU.Build.0 = Debug|Any CPU
		{84DF99C9-068D-4683-83AA-DB51E5DC6262}.Release|Any CPU.ActiveCfg = Release|Any CPU
		{84DF99C9-068D-4683-83AA-DB51E5DC6262}.Release|Any CPU.Build.0 = Release|Any CPU
		{EF8BCA55-6039-4413-805B-A8B49A6E3FD2}.Debug|Any CPU.ActiveCfg = Debug|Any CPU
		{EF8BCA55-6039-4413-805B-A8B49A6E3FD2}.Debug|Any CPU.Build.0 = Debug|Any CPU
		{EF8BCA55-6039-4413-805B-A8B49A6E3FD2}.Release|Any CPU.ActiveCfg = Release|Any CPU
		{EF8BCA55-6039-4413-805B-A8B49A6E3FD2}.Release|Any CPU.Build.0 = Release|Any CPU
		{C396582A-B4F4-4C54-86EB-EEF6485533FA}.Debug|Any CPU.ActiveCfg = Debug|Any CPU
		{C396582A-B4F4-4C54-86EB-EEF6485533FA}.Debug|Any CPU.Build.0 = Debug|Any CPU
		{C396582A-B4F4-4C54-86EB-EEF6485533FA}.Release|Any CPU.ActiveCfg = Release|Any CPU
		{C396582A-B4F4-4C54-86EB-EEF6485533FA}.Release|Any CPU.Build.0 = Release|Any CPU
	EndGlobalSection
	GlobalSection(SolutionProperties) = preSolution
		HideSolutionNode = FALSE
	EndGlobalSection
	GlobalSection(NestedProjects) = preSolution
		{C7505316-8152-4BF8-B3D9-3ABDDA58A458} = {57F498DD-6551-4995-9F79-9A977A4A2CF2}
		{2CF8D0E7-D137-40A0-89DB-831AA71527D5} = {57F498DD-6551-4995-9F79-9A977A4A2CF2}
		{2A1B7BC6-2BEE-4746-9104-D67BD238B74D} = {C7505316-8152-4BF8-B3D9-3ABDDA58A458}
		{795985A7-5A83-4326-8C3B-CA2AD8C23094} = {C7505316-8152-4BF8-B3D9-3ABDDA58A458}
		{404F2C31-5D40-4651-860D-5EFC3E5E7DB0} = {C7505316-8152-4BF8-B3D9-3ABDDA58A458}
		{4689CB45-28D5-4267-838C-C80245A03B87} = {C7505316-8152-4BF8-B3D9-3ABDDA58A458}
		{312A3E31-1F00-41F6-A317-CC11B36B32C2} = {C7505316-8152-4BF8-B3D9-3ABDDA58A458}
		{6F9F63CA-7BDB-45F2-86AB-FB875544AE0A} = {C7505316-8152-4BF8-B3D9-3ABDDA58A458}
		{9EFDF47F-06C5-4203-A4C2-F770980AD6D9} = {C7505316-8152-4BF8-B3D9-3ABDDA58A458}
		{3F9CD9BD-DB9F-4CAF-9F27-96669526D657} = {C7505316-8152-4BF8-B3D9-3ABDDA58A458}
		{696F97FA-82E1-48A0-BD2F-10B8B61E56FF} = {2CF8D0E7-D137-40A0-89DB-831AA71527D5}
		{5126D907-3306-435F-9913-D782D8A3FFC8} = {2CF8D0E7-D137-40A0-89DB-831AA71527D5}
		{7C8C135D-5737-48F2-83B3-6874C2DEC3C8} = {2CF8D0E7-D137-40A0-89DB-831AA71527D5}
		{B2995BF9-6547-4647-8B0D-79886F960623} = {696F97FA-82E1-48A0-BD2F-10B8B61E56FF}
		{D2309FB7-5BFD-461B-A73B-6488ACDEEEA6} = {696F97FA-82E1-48A0-BD2F-10B8B61E56FF}
		{C13BC4A1-67DC-47F3-9FA6-D715FB8CA0B4} = {696F97FA-82E1-48A0-BD2F-10B8B61E56FF}
		{1340C00D-9707-4EBC-89F4-DCA3424E09CF} = {696F97FA-82E1-48A0-BD2F-10B8B61E56FF}
		{6F18B5AB-5F9B-46EC-AD53-0310D9033166} = {5126D907-3306-435F-9913-D782D8A3FFC8}
		{6186E9D4-646A-49D4-BAF7-5A834769B351} = {5126D907-3306-435F-9913-D782D8A3FFC8}
		{23CA781F-D9E8-415D-8D62-1E70D683D24B} = {5126D907-3306-435F-9913-D782D8A3FFC8}
		{84DF99C9-068D-4683-83AA-DB51E5DC6262} = {7C8C135D-5737-48F2-83B3-6874C2DEC3C8}
		{EF8BCA55-6039-4413-805B-A8B49A6E3FD2} = {696F97FA-82E1-48A0-BD2F-10B8B61E56FF}
		{43269035-9224-43AC-BCD0-4399DA4CC66B} = {57F498DD-6551-4995-9F79-9A977A4A2CF2}
		{C396582A-B4F4-4C54-86EB-EEF6485533FA} = {43269035-9224-43AC-BCD0-4399DA4CC66B}
	EndGlobalSection
	GlobalSection(ExtensibilityGlobals) = postSolution
		SolutionGuid = {FFD878F8-7387-4327-B030-D9CB6405283F}
	EndGlobalSection
EndGlobal
